
Microsoft Visual Studio Solution File, Format Version 12.00
# Visual Studio Version 17
VisualStudioVersion = 17.4.33110.190
MinimumVisualStudioVersion = 10.0.40219.1
Project("{FAE04EC0-301F-11D3-BF4B-00C04F79EFBC}") = "Library", "Library\Library.csproj", "{7824F18B-6A23-4C9D-842F-759B866BD8C5}"
EndProject
Global
	GlobalSection(SolutionConfigurationPlatforms) = preSolution
		Debug|Any CPU = Debug|Any CPU
		Release|Any CPU = Release|Any CPU
	EndGlobalSection
	GlobalSection(ProjectConfigurationPlatforms) = postSolution
		{7824F18B-6A23-4C9D-842F-759B866BD8C5}.Debug|Any CPU.ActiveCfg = Debug|Any CPU
		{7824F18B-6A23-4C9D-842F-759B866BD8C5}.Debug|Any CPU.Build.0 = Debug|Any CPU
		{7824F18B-6A23-4C9D-842F-759B866BD8C5}.Release|Any CPU.ActiveCfg = Release|Any CPU
		{7824F18B-6A23-4C9D-842F-759B866BD8C5}.Release|Any CPU.Build.0 = Release|Any CPU
	EndGlobalSection
	GlobalSection(SolutionProperties) = preSolution
		HideSolutionNode = FALSE
	EndGlobalSection
	GlobalSection(ExtensibilityGlobals) = postSolution
		SolutionGuid = {76FB45E0-15EF-46FA-8E80-E48C4DC39DFE}
	EndGlobalSection
EndGlobal
